
Microsoft Visual Studio Solution File, Format Version 12.00
# Visual Studio 15
VisualStudioVersion = 15.0.28307.421
MinimumVisualStudioVersion = 10.0.40219.1
Project("{FAE04EC0-301F-11D3-BF4B-00C04F79EFBC}") = "CS_Domashna2", "CS_Domashna2\CS_Domashna2.csproj", "{1B2D4E80-AC73-49BE-BC9E-D4C47C647B74}"
EndProject
Global
	GlobalSection(SolutionConfigurationPlatforms) = preSolution
		Debug|Any CPU = Debug|Any CPU
		Release|Any CPU = Release|Any CPU
	EndGlobalSection
	GlobalSection(ProjectConfigurationPlatforms) = postSolution
		{1B2D4E80-AC73-49BE-BC9E-D4C47C647B74}.Debug|Any CPU.ActiveCfg = Debug|Any CPU
		{1B2D4E80-AC73-49BE-BC9E-D4C47C647B74}.Debug|Any CPU.Build.0 = Debug|Any CPU
		{1B2D4E80-AC73-49BE-BC9E-D4C47C647B74}.Release|Any CPU.ActiveCfg = Release|Any CPU
		{1B2D4E80-AC73-49BE-BC9E-D4C47C647B74}.Release|Any CPU.Build.0 = Release|Any CPU
	EndGlobalSection
	GlobalSection(SolutionProperties) = preSolution
		HideSolutionNode = FALSE
	EndGlobalSection
	GlobalSection(ExtensibilityGlobals) = postSolution
		SolutionGuid = {74DC2AFD-0205-460F-BC68-63570323F6A2}
	EndGlobalSection
EndGlobal
